// !$*UTF8*$!
{
	archiveVersion = 1;
	classes = {
	};
	objectVersion = 55;
	objects = {

/* Begin PBXBuildFile section */
		BB2ACF2327A70A6000E8E2F7 /* ModelsTableViewController.swift in Sources */ = {isa = PBXBuildFile; fileRef = BB2ACF2227A70A6000E8E2F7 /* ModelsTableViewController.swift */; };
		BB2ACF2927A7303F00E8E2F7 /* ModelsTableViewCell.swift in Sources */ = {isa = PBXBuildFile; fileRef = BB2ACF2827A7303F00E8E2F7 /* ModelsTableViewCell.swift */; };
		BB63A420279DDE5700CDD663 /* ViewController_ARSCNViewDelegate.swift in Sources */ = {isa = PBXBuildFile; fileRef = BB63A41F279DDE5700CDD663 /* ViewController_ARSCNViewDelegate.swift */; };
		BB742BD7279CC1BC004F607E /* AppDelegate.swift in Sources */ = {isa = PBXBuildFile; fileRef = BB742BD6279CC1BC004F607E /* AppDelegate.swift */; };
		BB742BD9279CC1BC004F607E /* art.scnassets in Resources */ = {isa = PBXBuildFile; fileRef = BB742BD8279CC1BC004F607E /* art.scnassets */; };
		BB742BDB279CC1BC004F607E /* ViewController.swift in Sources */ = {isa = PBXBuildFile; fileRef = BB742BDA279CC1BC004F607E /* ViewController.swift */; };
		BB742BDE279CC1BC004F607E /* Main.storyboard in Resources */ = {isa = PBXBuildFile; fileRef = BB742BDC279CC1BC004F607E /* Main.storyboard */; };
		BB742BE0279CC1BD004F607E /* Assets.xcassets in Resources */ = {isa = PBXBuildFile; fileRef = BB742BDF279CC1BD004F607E /* Assets.xcassets */; };
		BB742BE3279CC1BD004F607E /* LaunchScreen.storyboard in Resources */ = {isa = PBXBuildFile; fileRef = BB742BE1279CC1BD004F607E /* LaunchScreen.storyboard */; };
		BB745BA927A2F381005F9C62 /* FocusSquare.swift in Sources */ = {isa = PBXBuildFile; fileRef = BB745BA827A2F381005F9C62 /* FocusSquare.swift */; };
		BB745BCB27A409FE005F9C62 /* ViewController-ObjectAddition.swift in Sources */ = {isa = PBXBuildFile; fileRef = BB745BCA27A409FE005F9C62 /* ViewController-ObjectAddition.swift */; };
/* End PBXBuildFile section */

/* Begin PBXFileReference section */
		BB2ACF2227A70A6000E8E2F7 /* ModelsTableViewController.swift */ = {isa = PBXFileReference; lastKnownFileType = sourcecode.swift; path = ModelsTableViewController.swift; sourceTree = "<group>"; };
		BB2ACF2827A7303F00E8E2F7 /* ModelsTableViewCell.swift */ = {isa = PBXFileReference; lastKnownFileType = sourcecode.swift; path = ModelsTableViewCell.swift; sourceTree = "<group>"; };
		BB63A41F279DDE5700CDD663 /* ViewController_ARSCNViewDelegate.swift */ = {isa = PBXFileReference; lastKnownFileType = sourcecode.swift; path = ViewController_ARSCNViewDelegate.swift; sourceTree = "<group>"; };
		BB742BD3279CC1BC004F607E /* iPhoneAR.app */ = {isa = PBXFileReference; explicitFileType = wrapper.application; includeInIndex = 0; path = iPhoneAR.app; sourceTree = BUILT_PRODUCTS_DIR; };
		BB742BD6279CC1BC004F607E /* AppDelegate.swift */ = {isa = PBXFileReference; lastKnownFileType = sourcecode.swift; path = AppDelegate.swift; sourceTree = "<group>"; };
		BB742BD8279CC1BC004F607E /* art.scnassets */ = {isa = PBXFileReference; lastKnownFileType = wrapper.scnassets; path = art.scnassets; sourceTree = "<group>"; };
		BB742BDA279CC1BC004F607E /* ViewController.swift */ = {isa = PBXFileReference; lastKnownFileType = sourcecode.swift; path = ViewController.swift; sourceTree = "<group>"; };
		BB742BDD279CC1BC004F607E /* Base */ = {isa = PBXFileReference; lastKnownFileType = file.storyboard; name = Base; path = Base.lproj/Main.storyboard; sourceTree = "<group>"; };
		BB742BDF279CC1BD004F607E /* Assets.xcassets */ = {isa = PBXFileReference; lastKnownFileType = folder.assetcatalog; path = Assets.xcassets; sourceTree = "<group>"; };
		BB742BE2279CC1BD004F607E /* Base */ = {isa = PBXFileReference; lastKnownFileType = file.storyboard; name = Base; path = Base.lproj/LaunchScreen.storyboard; sourceTree = "<group>"; };
		BB745BA827A2F381005F9C62 /* FocusSquare.swift */ = {isa = PBXFileReference; lastKnownFileType = sourcecode.swift; path = FocusSquare.swift; sourceTree = "<group>"; };
		BB745BCA27A409FE005F9C62 /* ViewController-ObjectAddition.swift */ = {isa = PBXFileReference; lastKnownFileType = sourcecode.swift; path = "ViewController-ObjectAddition.swift"; sourceTree = "<group>"; };
/* End PBXFileReference section */

/* Begin PBXFrameworksBuildPhase section */
		BB742BD0279CC1BC004F607E /* Frameworks */ = {
			isa = PBXFrameworksBuildPhase;
			buildActionMask = 2147483647;
			files = (
			);
			runOnlyForDeploymentPostprocessing = 0;
		};
/* End PBXFrameworksBuildPhase section */

/* Begin PBXGroup section */
		BB742BCA279CC1BC004F607E = {
			isa = PBXGroup;
			children = (
				BB742BD5279CC1BC004F607E /* iPhoneAR */,
				BB742BD4279CC1BC004F607E /* Products */,
			);
			sourceTree = "<group>";
		};
		BB742BD4279CC1BC004F607E /* Products */ = {
			isa = PBXGroup;
			children = (
				BB742BD3279CC1BC004F607E /* iPhoneAR.app */,
			);
			name = Products;
			sourceTree = "<group>";
		};
		BB742BD5279CC1BC004F607E /* iPhoneAR */ = {
			isa = PBXGroup;
			children = (
				BB742BD6279CC1BC004F607E /* AppDelegate.swift */,
				BB742BD8279CC1BC004F607E /* art.scnassets */,
				BB742BDA279CC1BC004F607E /* ViewController.swift */,
				BB745BCA27A409FE005F9C62 /* ViewController-ObjectAddition.swift */,
				BB63A41F279DDE5700CDD663 /* ViewController_ARSCNViewDelegate.swift */,
				BB2ACF2227A70A6000E8E2F7 /* ModelsTableViewController.swift */,
				BB745BA827A2F381005F9C62 /* FocusSquare.swift */,
				BB2ACF2827A7303F00E8E2F7 /* ModelsTableViewCell.swift */,
				BB742BDC279CC1BC004F607E /* Main.storyboard */,
				BB742BDF279CC1BD004F607E /* Assets.xcassets */,
				BB742BE1279CC1BD004F607E /* LaunchScreen.storyboard */,
			);
			path = iPhoneAR;
			sourceTree = "<group>";
		};
/* End PBXGroup section */

/* Begin PBXNativeTarget section */
		BB742BD2279CC1BC004F607E /* iPhoneAR */ = {
			isa = PBXNativeTarget;
			buildConfigurationList = BB742BE6279CC1BD004F607E /* Build configuration list for PBXNativeTarget "iPhoneAR" */;
			buildPhases = (
				BB742BCF279CC1BC004F607E /* Sources */,
				BB742BD0279CC1BC004F607E /* Frameworks */,
				BB742BD1279CC1BC004F607E /* Resources */,
			);
			buildRules = (
			);
			dependencies = (
			);
			name = iPhoneAR;
			productName = IphoneAR;
			productReference = BB742BD3279CC1BC004F607E /* iPhoneAR.app */;
			productType = "com.apple.product-type.application";
		};
/* End PBXNativeTarget section */

/* Begin PBXProject section */
		BB742BCB279CC1BC004F607E /* Project object */ = {
			isa = PBXProject;
			attributes = {
				BuildIndependentTargetsInParallel = 1;
				LastSwiftUpdateCheck = 1320;
				LastUpgradeCheck = 1320;
				TargetAttributes = {
					BB742BD2279CC1BC004F607E = {
						CreatedOnToolsVersion = 13.2.1;
					};
				};
			};
			buildConfigurationList = BB742BCE279CC1BC004F607E /* Build configuration list for PBXProject "iPhoneAR" */;
			compatibilityVersion = "Xcode 13.0";
			developmentRegion = en;
			hasScannedForEncodings = 0;
			knownRegions = (
				en,
				Base,
			);
			mainGroup = BB742BCA279CC1BC004F607E;
			productRefGroup = BB742BD4279CC1BC004F607E /* Products */;
			projectDirPath = "";
			projectRoot = "";
			targets = (
				BB742BD2279CC1BC004F607E /* iPhoneAR */,
			);
		};
/* End PBXProject section */

/* Begin PBXResourcesBuildPhase section */
		BB742BD1279CC1BC004F607E /* Resources */ = {
			isa = PBXResourcesBuildPhase;
			buildActionMask = 2147483647;
			files = (
				BB742BD9279CC1BC004F607E /* art.scnassets in Resources */,
				BB742BE3279CC1BD004F607E /* LaunchScreen.storyboard in Resources */,
				BB742BE0279CC1BD004F607E /* Assets.xcassets in Resources */,
				BB742BDE279CC1BC004F607E /* Main.storyboard in Resources */,
			);
			runOnlyForDeploymentPostprocessing = 0;
		};
/* End PBXResourcesBuildPhase section */

/* Begin PBXSourcesBuildPhase section */
		BB742BCF279CC1BC004F607E /* Sources */ = {
			isa = PBXSourcesBuildPhase;
			buildActionMask = 2147483647;
			files = (
				BB742BDB279CC1BC004F607E /* ViewController.swift in Sources */,
				BB745BA927A2F381005F9C62 /* FocusSquare.swift in Sources */,
				BB745BCB27A409FE005F9C62 /* ViewController-ObjectAddition.swift in Sources */,
				BB742BD7279CC1BC004F607E /* AppDelegate.swift in Sources */,
				BB2ACF2927A7303F00E8E2F7 /* ModelsTableViewCell.swift in Sources */,
				BB63A420279DDE5700CDD663 /* ViewController_ARSCNViewDelegate.swift in Sources */,
				BB2ACF2327A70A6000E8E2F7 /* ModelsTableViewController.swift in Sources */,
			);
			runOnlyForDeploymentPostprocessing = 0;
		};
/* End PBXSourcesBuildPhase section */

/* Begin PBXVariantGroup section */
		BB742BDC279CC1BC004F607E /* Main.storyboard */ = {
			isa = PBXVariantGroup;
			children = (
				BB742BDD279CC1BC004F607E /* Base */,
			);
			name = Main.storyboard;
			sourceTree = "<group>";
		};
		BB742BE1279CC1BD004F607E /* LaunchScreen.storyboard */ = {
			isa = PBXVariantGroup;
			children = (
				BB742BE2279CC1BD004F607E /* Base */,
			);
			name = LaunchScreen.storyboard;
			sourceTree = "<group>";
		};
/* End PBXVariantGroup section */

/* Begin XCBuildConfiguration section */
		BB742BE4279CC1BD004F607E /* Debug */ = {
			isa = XCBuildConfiguration;
			buildSettings = {
				ALWAYS_SEARCH_USER_PATHS = NO;
				CLANG_ANALYZER_NONNULL = YES;
				CLANG_ANALYZER_NUMBER_OBJECT_CONVERSION = YES_AGGRESSIVE;
				CLANG_CXX_LANGUAGE_STANDARD = "gnu++17";
				CLANG_CXX_LIBRARY = "libc++";
				CLANG_ENABLE_MODULES = YES;
				CLANG_ENABLE_OBJC_ARC = YES;
				CLANG_ENABLE_OBJC_WEAK = YES;
				CLANG_WARN_BLOCK_CAPTURE_AUTORELEASING = YES;
				CLANG_WARN_BOOL_CONVERSION = YES;
				CLANG_WARN_COMMA = YES;
				CLANG_WARN_CONSTANT_CONVERSION = YES;
				CLANG_WARN_DEPRECATED_OBJC_IMPLEMENTATIONS = YES;
				CLANG_WARN_DIRECT_OBJC_ISA_USAGE = YES_ERROR;
				CLANG_WARN_DOCUMENTATION_COMMENTS = YES;
				CLANG_WARN_EMPTY_BODY = YES;
				CLANG_WARN_ENUM_CONVERSION = YES;
				CLANG_WARN_INFINITE_RECURSION = YES;
				CLANG_WARN_INT_CONVERSION = YES;
				CLANG_WARN_NON_LITERAL_NULL_CONVERSION = YES;
				CLANG_WARN_OBJC_IMPLICIT_RETAIN_SELF = YES;
				CLANG_WARN_OBJC_LITERAL_CONVERSION = YES;
				CLANG_WARN_OBJC_ROOT_CLASS = YES_ERROR;
				CLANG_WARN_QUOTED_INCLUDE_IN_FRAMEWORK_HEADER = YES;
				CLANG_WARN_RANGE_LOOP_ANALYSIS = YES;
				CLANG_WARN_STRICT_PROTOTYPES = YES;
				CLANG_WARN_SUSPICIOUS_MOVE = YES;
				CLANG_WARN_UNGUARDED_AVAILABILITY = YES_AGGRESSIVE;
				CLANG_WARN_UNREACHABLE_CODE = YES;
				CLANG_WARN__DUPLICATE_METHOD_MATCH = YES;
				COPY_PHASE_STRIP = NO;
				DEBUG_INFORMATION_FORMAT = dwarf;
				ENABLE_STRICT_OBJC_MSGSEND = YES;
				ENABLE_TESTABILITY = YES;
				GCC_C_LANGUAGE_STANDARD = gnu11;
				GCC_DYNAMIC_NO_PIC = NO;
				GCC_NO_COMMON_BLOCKS = YES;
				GCC_OPTIMIZATION_LEVEL = 0;
				GCC_PREPROCESSOR_DEFINITIONS = (
					"DEBUG=1",
					"$(inherited)",
				);
				GCC_WARN_64_TO_32_BIT_CONVERSION = YES;
				GCC_WARN_ABOUT_RETURN_TYPE = YES_ERROR;
				GCC_WARN_UNDECLARED_SELECTOR = YES;
				GCC_WARN_UNINITIALIZED_AUTOS = YES_AGGRESSIVE;
				GCC_WARN_UNUSED_FUNCTION = YES;
				GCC_WARN_UNUSED_VARIABLE = YES;
				IPHONEOS_DEPLOYMENT_TARGET = 15.2;
				MTL_ENABLE_DEBUG_INFO = INCLUDE_SOURCE;
				MTL_FAST_MATH = YES;
				ONLY_ACTIVE_ARCH = YES;
				SDKROOT = iphoneos;
				SWIFT_ACTIVE_COMPILATION_CONDITIONS = DEBUG;
				SWIFT_OPTIMIZATION_LEVEL = "-Onone";
			};
			name = Debug;
		};
		BB742BE5279CC1BD004F607E /* Release */ = {
			isa = XCBuildConfiguration;
			buildSettings = {
				ALWAYS_SEARCH_USER_PATHS = NO;
				CLANG_ANALYZER_NONNULL = YES;
				CLANG_ANALYZER_NUMBER_OBJECT_CONVERSION = YES_AGGRESSIVE;
				CLANG_CXX_LANGUAGE_STANDARD = "gnu++17";
				CLANG_CXX_LIBRARY = "libc++";
				CLANG_ENABLE_MODULES = YES;
				CLANG_ENABLE_OBJC_ARC = YES;
				CLANG_ENABLE_OBJC_WEAK = YES;
				CLANG_WARN_BLOCK_CAPTURE_AUTORELEASING = YES;
				CLANG_WARN_BOOL_CONVERSION = YES;
				CLANG_WARN_COMMA = YES;
				CLANG_WARN_CONSTANT_CONVERSION = YES;
				CLANG_WARN_DEPRECATED_OBJC_IMPLEMENTATIONS = YES;
				CLANG_WARN_DIRECT_OBJC_ISA_USAGE = YES_ERROR;
				CLANG_WARN_DOCUMENTATION_COMMENTS = YES;
				CLANG_WARN_EMPTY_BODY = YES;
				CLANG_WARN_ENUM_CONVERSION = YES;
				CLANG_WARN_INFINITE_RECURSION = YES;
				CLANG_WARN_INT_CONVERSION = YES;
				CLANG_WARN_NON_LITERAL_NULL_CONVERSION = YES;
				CLANG_WARN_OBJC_IMPLICIT_RETAIN_SELF = YES;
				CLANG_WARN_OBJC_LITERAL_CONVERSION = YES;
				CLANG_WARN_OBJC_ROOT_CLASS = YES_ERROR;
				CLANG_WARN_QUOTED_INCLUDE_IN_FRAMEWORK_HEADER = YES;
				CLANG_WARN_RANGE_LOOP_ANALYSIS = YES;
				CLANG_WARN_STRICT_PROTOTYPES = YES;
				CLANG_WARN_SUSPICIOUS_MOVE = YES;
				CLANG_WARN_UNGUARDED_AVAILABILITY = YES_AGGRESSIVE;
				CLANG_WARN_UNREACHABLE_CODE = YES;
				CLANG_WARN__DUPLICATE_METHOD_MATCH = YES;
				COPY_PHASE_STRIP = NO;
				DEBUG_INFORMATION_FORMAT = "dwarf-with-dsym";
				ENABLE_NS_ASSERTIONS = NO;
				ENABLE_STRICT_OBJC_MSGSEND = YES;
				GCC_C_LANGUAGE_STANDARD = gnu11;
				GCC_NO_COMMON_BLOCKS = YES;
				GCC_WARN_64_TO_32_BIT_CONVERSION = YES;
				GCC_WARN_ABOUT_RETURN_TYPE = YES_ERROR;
				GCC_WARN_UNDECLARED_SELECTOR = YES;
				GCC_WARN_UNINITIALIZED_AUTOS = YES_AGGRESSIVE;
				GCC_WARN_UNUSED_FUNCTION = YES;
				GCC_WARN_UNUSED_VARIABLE = YES;
				IPHONEOS_DEPLOYMENT_TARGET = 15.2;
				MTL_ENABLE_DEBUG_INFO = NO;
				MTL_FAST_MATH = YES;
				SDKROOT = iphoneos;
				SWIFT_COMPILATION_MODE = wholemodule;
				SWIFT_OPTIMIZATION_LEVEL = "-O";
				VALIDATE_PRODUCT = YES;
			};
			name = Release;
		};
		BB742BE7279CC1BD004F607E /* Debug */ = {
			isa = XCBuildConfiguration;
			buildSettings = {
				ASSETCATALOG_COMPILER_APPICON_NAME = AppIcon;
				ASSETCATALOG_COMPILER_GLOBAL_ACCENT_COLOR_NAME = AccentColor;
				CODE_SIGN_STYLE = Automatic;
				CURRENT_PROJECT_VERSION = 1;
				DEVELOPMENT_TEAM = 4GVR9352YB;
				GENERATE_INFOPLIST_FILE = YES;
				INFOPLIST_KEY_NSCameraUsageDescription = "";
				INFOPLIST_KEY_UIApplicationSupportsIndirectInputEvents = YES;
				INFOPLIST_KEY_UILaunchStoryboardName = LaunchScreen;
				INFOPLIST_KEY_UIMainStoryboardFile = Main;
				INFOPLIST_KEY_UIRequiredDeviceCapabilities = arkit;
				INFOPLIST_KEY_UIStatusBarHidden = YES;
				INFOPLIST_KEY_UISupportedInterfaceOrientations = UIInterfaceOrientationPortrait;
				INFOPLIST_KEY_UISupportedInterfaceOrientations_iPad = UIInterfaceOrientationPortrait;
				INFOPLIST_KEY_UISupportedInterfaceOrientations_iPhone = UIInterfaceOrientationPortrait;
				IPHONEOS_DEPLOYMENT_TARGET = 15.0;
				LD_RUNPATH_SEARCH_PATHS = (
					"$(inherited)",
					"@executable_path/Frameworks",
				);
				MARKETING_VERSION = 1.0;
				PRODUCT_BUNDLE_IDENTIFIER = com.hamza.IphoneAR;
				PRODUCT_NAME = iPhoneAR;
				SWIFT_EMIT_LOC_STRINGS = YES;
				SWIFT_VERSION = 5.0;
				TARGETED_DEVICE_FAMILY = 1;
			};
			name = Debug;
		};
		BB742BE8279CC1BD004F607E /* Release */ = {
			isa = XCBuildConfiguration;
			buildSettings = {
				ASSETCATALOG_COMPILER_APPICON_NAME = AppIcon;
				ASSETCATALOG_COMPILER_GLOBAL_ACCENT_COLOR_NAME = AccentColor;
				CODE_SIGN_STYLE = Automatic;
				CURRENT_PROJECT_VERSION = 1;
				DEVELOPMENT_TEAM = 4GVR9352YB;
				GENERATE_INFOPLIST_FILE = YES;
				INFOPLIST_KEY_NSCameraUsageDescription = "";
				INFOPLIST_KEY_UIApplicationSupportsIndirectInputEvents = YES;
				INFOPLIST_KEY_UILaunchStoryboardName = LaunchScreen;
				INFOPLIST_KEY_UIMainStoryboardFile = Main;
				INFOPLIST_KEY_UIRequiredDeviceCapabilities = arkit;
				INFOPLIST_KEY_UIStatusBarHidden = YES;
				INFOPLIST_KEY_UISupportedInterfaceOrientations = UIInterfaceOrientationPortrait;
				INFOPLIST_KEY_UISupportedInterfaceOrientations_iPad = UIInterfaceOrientationPortrait;
				INFOPLIST_KEY_UISupportedInterfaceOrientations_iPhone = UIInterfaceOrientationPortrait;
				IPHONEOS_DEPLOYMENT_TARGET = 15.0;
				LD_RUNPATH_SEARCH_PATHS = (
					"$(inherited)",
					"@executable_path/Frameworks",
				);
				MARKETING_VERSION = 1.0;
				PRODUCT_BUNDLE_IDENTIFIER = com.hamza.IphoneAR;
				PRODUCT_NAME = iPhoneAR;
				SWIFT_EMIT_LOC_STRINGS = YES;
				SWIFT_VERSION = 5.0;
				TARGETED_DEVICE_FAMILY = 1;
			};
			name = Release;
		};
/* End XCBuildConfiguration section */

/* Begin XCConfigurationList section */
		BB742BCE279CC1BC004F607E /* Build configuration list for PBXProject "iPhoneAR" */ = {
			isa = XCConfigurationList;
			buildConfigurations = (
				BB742BE4279CC1BD004F607E /* Debug */,
				BB742BE5279CC1BD004F607E /* Release */,
			);
			defaultConfigurationIsVisible = 0;
			defaultConfigurationName = Release;
		};
		BB742BE6279CC1BD004F607E /* Build configuration list for PBXNativeTarget "iPhoneAR" */ = {
			isa = XCConfigurationList;
			buildConfigurations = (
				BB742BE7279CC1BD004F607E /* Debug */,
				BB742BE8279CC1BD004F607E /* Release */,
			);
			defaultConfigurationIsVisible = 0;
			defaultConfigurationName = Release;
		};
/* End XCConfigurationList section */
	};
	rootObject = BB742BCB279CC1BC004F607E /* Project object */;
}
